
Microsoft Visual Studio Solution File, Format Version 12.00
# Visual Studio Version 17
VisualStudioVersion = 17.6.33829.357
MinimumVisualStudioVersion = 10.0.40219.1
Project("{FAE04EC0-301F-11D3-BF4B-00C04F79EFBC}") = "CarteleraCine", "CarteleraCine.csproj", "{B9CDB854-BF77-4F8A-80EF-D65FDC1A16D2}"
EndProject
Global
	GlobalSection(SolutionConfigurationPlatforms) = preSolution
		Debug|Any CPU = Debug|Any CPU
		Release|Any CPU = Release|Any CPU
	EndGlobalSection
	GlobalSection(ProjectConfigurationPlatforms) = postSolution
		{B9CDB854-BF77-4F8A-80EF-D65FDC1A16D2}.Debug|Any CPU.ActiveCfg = Debug|Any CPU
		{B9CDB854-BF77-4F8A-80EF-D65FDC1A16D2}.Debug|Any CPU.Build.0 = Debug|Any CPU
		{B9CDB854-BF77-4F8A-80EF-D65FDC1A16D2}.Release|Any CPU.ActiveCfg = Release|Any CPU
		{B9CDB854-BF77-4F8A-80EF-D65FDC1A16D2}.Release|Any CPU.Build.0 = Release|Any CPU
	EndGlobalSection
	GlobalSection(SolutionProperties) = preSolution
		HideSolutionNode = FALSE
	EndGlobalSection
	GlobalSection(ExtensibilityGlobals) = postSolution
		SolutionGuid = {414BA678-E1C8-45E2-8E96-919AD8A4991B}
	EndGlobalSection
EndGlobal
